
Microsoft Visual Studio Solution File, Format Version 12.00
# Visual Studio Version 17
VisualStudioVersion = 17.3.32901.215
MinimumVisualStudioVersion = 10.0.40219.1
Project("{9A19103F-16F7-4668-BE54-9A1E7A4F7556}") = "CsVmomi", "CsVmomi\CsVmomi.csproj", "{6FEAEC12-546B-4903-B63C-31597553326B}"
EndProject
Project("{9A19103F-16F7-4668-BE54-9A1E7A4F7556}") = "CsVmomi.Test", "CsVmomi.Test\CsVmomi.Test.csproj", "{081A5803-92C5-4AE1-8B6C-F370BB138F9A}"
EndProject
Project("{2150E333-8FDC-42A3-9474-1A3956D46DE8}") = "Examples", "Examples", "{2CF3AF78-2C5A-4257-934D-CF47DD762308}"
EndProject
Project("{9A19103F-16F7-4668-BE54-9A1E7A4F7556}") = "PowerOnVm", "Examples\PowerOnVm\PowerOnVm.csproj", "{4C694D89-9BE1-431D-9DB7-8724C2AD2043}"
EndProject
Project("{9A19103F-16F7-4668-BE54-9A1E7A4F7556}") = "RebootGuestVm", "Examples\RebootGuestVm\RebootGuestVm.csproj", "{8B1791A3-1CCD-4265-A800-87CE95E6F953}"
EndProject
Project("{9A19103F-16F7-4668-BE54-9A1E7A4F7556}") = "ListAllVm", "Examples\ListAllVm\ListAllVm.csproj", "{399C86BC-9787-4130-A7C1-4C0BF99B06D2}"
EndProject
Project("{FAE04EC0-301F-11D3-BF4B-00C04F79EFBC}") = "ListAllHost", "Examples\ListAllHost\ListAllHost.csproj", "{FC54EBBB-86FE-4111-95B1-A6EAC485CE18}"
EndProject
Project("{FAE04EC0-301F-11D3-BF4B-00C04F79EFBC}") = "ShutdownHost", "Examples\ShutdownHost\ShutdownHost.csproj", "{C6F43B83-A348-4F3F-B703-3F17651465A1}"
EndProject
Project("{FAE04EC0-301F-11D3-BF4B-00C04F79EFBC}") = "StubCheck", "StubCheck\StubCheck.csproj", "{1696457D-AACB-460F-8F30-058BAF5AF9BF}"
EndProject
Project("{FAE04EC0-301F-11D3-BF4B-00C04F79EFBC}") = "CreateVm", "Examples\CreateVm\CreateVm.csproj", "{D6A2F3FC-AAC0-4751-83C5-286C490CBD23}"
EndProject
Project("{FAE04EC0-301F-11D3-BF4B-00C04F79EFBC}") = "ListAllIso", "Examples\ListAllIso\ListAllIso.csproj", "{7CD0F74D-EAB6-4E7B-8D4C-409F63635A22}"
EndProject
Project("{FAE04EC0-301F-11D3-BF4B-00C04F79EFBC}") = "MountIso", "Examples\MountIso\MountIso.csproj", "{1C5FE6BE-611B-4359-8A34-F4398E561523}"
EndProject
Project("{FAE04EC0-301F-11D3-BF4B-00C04F79EFBC}") = "AddVmNic", "Examples\AddVmNic\AddVmNic.csproj", "{5D7EE7E8-C7D1-4AED-ABAA-F9314BA699CA}"
EndProject
Project("{FAE04EC0-301F-11D3-BF4B-00C04F79EFBC}") = "AddVmDisk", "Examples\AddVmDisk\AddVmDisk.csproj", "{805A77D1-5C71-4AA2-8B6A-E0167DE0D8A1}"
EndProject
Project("{FAE04EC0-301F-11D3-BF4B-00C04F79EFBC}") = "PollEvent", "Examples\PollEvent\PollEvent.csproj", "{FC8A3801-7567-4A05-986B-43D3350B18F7}"
EndProject
Project("{FAE04EC0-301F-11D3-BF4B-00C04F79EFBC}") = "LoginByToken", "Examples\LoginByToken\LoginByToken.csproj", "{A6872783-1ADC-4046-B6E7-2034D81E0E9A}"
EndProject
Project("{FAE04EC0-301F-11D3-BF4B-00C04F79EFBC}") = "ExportVm", "Examples\ExportVm\ExportVm.csproj", "{95D738F6-7D38-4B60-B78B-EDCC4F012D99}"
EndProject
Global
	GlobalSection(SolutionConfigurationPlatforms) = preSolution
		Debug|Any CPU = Debug|Any CPU
		Release|Any CPU = Release|Any CPU
	EndGlobalSection
	GlobalSection(ProjectConfigurationPlatforms) = postSolution
		{6FEAEC12-546B-4903-B63C-31597553326B}.Debug|Any CPU.ActiveCfg = Debug|Any CPU
		{6FEAEC12-546B-4903-B63C-31597553326B}.Debug|Any CPU.Build.0 = Debug|Any CPU
		{6FEAEC12-546B-4903-B63C-31597553326B}.Release|Any CPU.ActiveCfg = Release|Any CPU
		{6FEAEC12-546B-4903-B63C-31597553326B}.Release|Any CPU.Build.0 = Release|Any CPU
		{081A5803-92C5-4AE1-8B6C-F370BB138F9A}.Debug|Any CPU.ActiveCfg = Debug|Any CPU
		{081A5803-92C5-4AE1-8B6C-F370BB138F9A}.Debug|Any CPU.Build.0 = Debug|Any CPU
		{081A5803-92C5-4AE1-8B6C-F370BB138F9A}.Release|Any CPU.ActiveCfg = Release|Any CPU
		{081A5803-92C5-4AE1-8B6C-F370BB138F9A}.Release|Any CPU.Build.0 = Release|Any CPU
		{4C694D89-9BE1-431D-9DB7-8724C2AD2043}.Debug|Any CPU.ActiveCfg = Debug|Any CPU
		{4C694D89-9BE1-431D-9DB7-8724C2AD2043}.Debug|Any CPU.Build.0 = Debug|Any CPU
		{4C694D89-9BE1-431D-9DB7-8724C2AD2043}.Release|Any CPU.ActiveCfg = Release|Any CPU
		{4C694D89-9BE1-431D-9DB7-8724C2AD2043}.Release|Any CPU.Build.0 = Release|Any CPU
		{8B1791A3-1CCD-4265-A800-87CE95E6F953}.Debug|Any CPU.ActiveCfg = Debug|Any CPU
		{8B1791A3-1CCD-4265-A800-87CE95E6F953}.Debug|Any CPU.Build.0 = Debug|Any CPU
		{8B1791A3-1CCD-4265-A800-87CE95E6F953}.Release|Any CPU.ActiveCfg = Release|Any CPU
		{8B1791A3-1CCD-4265-A800-87CE95E6F953}.Release|Any CPU.Build.0 = Release|Any CPU
		{399C86BC-9787-4130-A7C1-4C0BF99B06D2}.Debug|Any CPU.ActiveCfg = Debug|Any CPU
		{399C86BC-9787-4130-A7C1-4C0BF99B06D2}.Debug|Any CPU.Build.0 = Debug|Any CPU
		{399C86BC-9787-4130-A7C1-4C0BF99B06D2}.Release|Any CPU.ActiveCfg = Release|Any CPU
		{399C86BC-9787-4130-A7C1-4C0BF99B06D2}.Release|Any CPU.Build.0 = Release|Any CPU
		{FC54EBBB-86FE-4111-95B1-A6EAC485CE18}.Debug|Any CPU.ActiveCfg = Debug|Any CPU
		{FC54EBBB-86FE-4111-95B1-A6EAC485CE18}.Debug|Any CPU.Build.0 = Debug|Any CPU
		{FC54EBBB-86FE-4111-95B1-A6EAC485CE18}.Release|Any CPU.ActiveCfg = Release|Any CPU
		{FC54EBBB-86FE-4111-95B1-A6EAC485CE18}.Release|Any CPU.Build.0 = Release|Any CPU
		{C6F43B83-A348-4F3F-B703-3F17651465A1}.Debug|Any CPU.ActiveCfg = Debug|Any CPU
		{C6F43B83-A348-4F3F-B703-3F17651465A1}.Debug|Any CPU.Build.0 = Debug|Any CPU
		{C6F43B83-A348-4F3F-B703-3F17651465A1}.Release|Any CPU.ActiveCfg = Release|Any CPU
		{C6F43B83-A348-4F3F-B703-3F17651465A1}.Release|Any CPU.Build.0 = Release|Any CPU
		{1696457D-AACB-460F-8F30-058BAF5AF9BF}.Debug|Any CPU.ActiveCfg = Debug|Any CPU
		{1696457D-AACB-460F-8F30-058BAF5AF9BF}.Debug|Any CPU.Build.0 = Debug|Any CPU
		{1696457D-AACB-460F-8F30-058BAF5AF9BF}.Release|Any CPU.ActiveCfg = Release|Any CPU
		{1696457D-AACB-460F-8F30-058BAF5AF9BF}.Release|Any CPU.Build.0 = Release|Any CPU
		{D6A2F3FC-AAC0-4751-83C5-286C490CBD23}.Debug|Any CPU.ActiveCfg = Debug|Any CPU
		{D6A2F3FC-AAC0-4751-83C5-286C490CBD23}.Debug|Any CPU.Build.0 = Debug|Any CPU
		{D6A2F3FC-AAC0-4751-83C5-286C490CBD23}.Release|Any CPU.ActiveCfg = Release|Any CPU
		{D6A2F3FC-AAC0-4751-83C5-286C490CBD23}.Release|Any CPU.Build.0 = Release|Any CPU
		{7CD0F74D-EAB6-4E7B-8D4C-409F63635A22}.Debug|Any CPU.ActiveCfg = Debug|Any CPU
		{7CD0F74D-EAB6-4E7B-8D4C-409F63635A22}.Debug|Any CPU.Build.0 = Debug|Any CPU
		{7CD0F74D-EAB6-4E7B-8D4C-409F63635A22}.Release|Any CPU.ActiveCfg = Release|Any CPU
		{7CD0F74D-EAB6-4E7B-8D4C-409F63635A22}.Release|Any CPU.Build.0 = Release|Any CPU
		{1C5FE6BE-611B-4359-8A34-F4398E561523}.Debug|Any CPU.ActiveCfg = Debug|Any CPU
		{1C5FE6BE-611B-4359-8A34-F4398E561523}.Debug|Any CPU.Build.0 = Debug|Any CPU
		{1C5FE6BE-611B-4359-8A34-F4398E561523}.Release|Any CPU.ActiveCfg = Release|Any CPU
		{1C5FE6BE-611B-4359-8A34-F4398E561523}.Release|Any CPU.Build.0 = Release|Any CPU
		{5D7EE7E8-C7D1-4AED-ABAA-F9314BA699CA}.Debug|Any CPU.ActiveCfg = Debug|Any CPU
		{5D7EE7E8-C7D1-4AED-ABAA-F9314BA699CA}.Debug|Any CPU.Build.0 = Debug|Any CPU
		{5D7EE7E8-C7D1-4AED-ABAA-F9314BA699CA}.Release|Any CPU.ActiveCfg = Release|Any CPU
		{5D7EE7E8-C7D1-4AED-ABAA-F9314BA699CA}.Release|Any CPU.Build.0 = Release|Any CPU
		{805A77D1-5C71-4AA2-8B6A-E0167DE0D8A1}.Debug|Any CPU.ActiveCfg = Debug|Any CPU
		{805A77D1-5C71-4AA2-8B6A-E0167DE0D8A1}.Debug|Any CPU.Build.0 = Debug|Any CPU
		{805A77D1-5C71-4AA2-8B6A-E0167DE0D8A1}.Release|Any CPU.ActiveCfg = Release|Any CPU
		{805A77D1-5C71-4AA2-8B6A-E0167DE0D8A1}.Release|Any CPU.Build.0 = Release|Any CPU
		{FC8A3801-7567-4A05-986B-43D3350B18F7}.Debug|Any CPU.ActiveCfg = Debug|Any CPU
		{FC8A3801-7567-4A05-986B-43D3350B18F7}.Debug|Any CPU.Build.0 = Debug|Any CPU
		{FC8A3801-7567-4A05-986B-43D3350B18F7}.Release|Any CPU.ActiveCfg = Release|Any CPU
		{FC8A3801-7567-4A05-986B-43D3350B18F7}.Release|Any CPU.Build.0 = Release|Any CPU
		{A6872783-1ADC-4046-B6E7-2034D81E0E9A}.Debug|Any CPU.ActiveCfg = Debug|Any CPU
		{A6872783-1ADC-4046-B6E7-2034D81E0E9A}.Debug|Any CPU.Build.0 = Debug|Any CPU
		{A6872783-1ADC-4046-B6E7-2034D81E0E9A}.Release|Any CPU.ActiveCfg = Release|Any CPU
		{A6872783-1ADC-4046-B6E7-2034D81E0E9A}.Release|Any CPU.Build.0 = Release|Any CPU
		{95D738F6-7D38-4B60-B78B-EDCC4F012D99}.Debug|Any CPU.ActiveCfg = Debug|Any CPU
		{95D738F6-7D38-4B60-B78B-EDCC4F012D99}.Debug|Any CPU.Build.0 = Debug|Any CPU
		{95D738F6-7D38-4B60-B78B-EDCC4F012D99}.Release|Any CPU.ActiveCfg = Release|Any CPU
		{95D738F6-7D38-4B60-B78B-EDCC4F012D99}.Release|Any CPU.Build.0 = Release|Any CPU
	EndGlobalSection
	GlobalSection(SolutionProperties) = preSolution
		HideSolutionNode = FALSE
	EndGlobalSection
	GlobalSection(NestedProjects) = preSolution
		{4C694D89-9BE1-431D-9DB7-8724C2AD2043} = {2CF3AF78-2C5A-4257-934D-CF47DD762308}
		{8B1791A3-1CCD-4265-A800-87CE95E6F953} = {2CF3AF78-2C5A-4257-934D-CF47DD762308}
		{399C86BC-9787-4130-A7C1-4C0BF99B06D2} = {2CF3AF78-2C5A-4257-934D-CF47DD762308}
		{FC54EBBB-86FE-4111-95B1-A6EAC485CE18} = {2CF3AF78-2C5A-4257-934D-CF47DD762308}
		{C6F43B83-A348-4F3F-B703-3F17651465A1} = {2CF3AF78-2C5A-4257-934D-CF47DD762308}
		{D6A2F3FC-AAC0-4751-83C5-286C490CBD23} = {2CF3AF78-2C5A-4257-934D-CF47DD762308}
		{7CD0F74D-EAB6-4E7B-8D4C-409F63635A22} = {2CF3AF78-2C5A-4257-934D-CF47DD762308}
		{1C5FE6BE-611B-4359-8A34-F4398E561523} = {2CF3AF78-2C5A-4257-934D-CF47DD762308}
		{5D7EE7E8-C7D1-4AED-ABAA-F9314BA699CA} = {2CF3AF78-2C5A-4257-934D-CF47DD762308}
		{805A77D1-5C71-4AA2-8B6A-E0167DE0D8A1} = {2CF3AF78-2C5A-4257-934D-CF47DD762308}
		{FC8A3801-7567-4A05-986B-43D3350B18F7} = {2CF3AF78-2C5A-4257-934D-CF47DD762308}
		{A6872783-1ADC-4046-B6E7-2034D81E0E9A} = {2CF3AF78-2C5A-4257-934D-CF47DD762308}
		{95D738F6-7D38-4B60-B78B-EDCC4F012D99} = {2CF3AF78-2C5A-4257-934D-CF47DD762308}
	EndGlobalSection
	GlobalSection(ExtensibilityGlobals) = postSolution
		SolutionGuid = {74753721-7958-4B1E-84B4-FA309E1F30AB}
	EndGlobalSection
EndGlobal
